
Microsoft Visual Studio Solution File, Format Version 12.00
# Visual Studio Version 17
VisualStudioVersion = 17.11.35219.272
MinimumVisualStudioVersion = 10.0.40219.1
Project("{FAE04EC0-301F-11D3-BF4B-00C04F79EFBC}") = "PIMES.BACKEND", "PIMES.BACKEND\PIMES.BACKEND.csproj", "{7B391152-87B6-4D69-93EC-D50DFA2018F9}"
EndProject
Global
	GlobalSection(SolutionConfigurationPlatforms) = preSolution
		Debug|Any CPU = Debug|Any CPU
		Release|Any CPU = Release|Any CPU
	EndGlobalSection
	GlobalSection(ProjectConfigurationPlatforms) = postSolution
		{7B391152-87B6-4D69-93EC-D50DFA2018F9}.Debug|Any CPU.ActiveCfg = Debug|Any CPU
		{7B391152-87B6-4D69-93EC-D50DFA2018F9}.Debug|Any CPU.Build.0 = Debug|Any CPU
		{7B391152-87B6-4D69-93EC-D50DFA2018F9}.Release|Any CPU.ActiveCfg = Release|Any CPU
		{7B391152-87B6-4D69-93EC-D50DFA2018F9}.Release|Any CPU.Build.0 = Release|Any CPU
	EndGlobalSection
	GlobalSection(SolutionProperties) = preSolution
		HideSolutionNode = FALSE
	EndGlobalSection
	GlobalSection(ExtensibilityGlobals) = postSolution
		SolutionGuid = {F36E4A2F-DA4A-4FA5-913D-651B024F83D2}
	EndGlobalSection
EndGlobal
